
Microsoft Visual Studio Solution File, Format Version 12.00
Project("{FAE04EC0-301F-11D3-BF4B-00C04F79EFBC}") = "Aspose", "Aspose\Aspose.csproj", "{E1359880-6BE2-4166-A5CA-039A902FD125}"
EndProject
Project("{2150E333-8FDC-42A3-9474-1A3956D46DE8}") = "Solution", "Solution", "{6395AD60-BF3A-4A0E-919B-EA6D4BDA85BC}"
	ProjectSection(SolutionItems) = preProject
		README.md = README.md
	EndProjectSection
EndProject
Global
	GlobalSection(SolutionConfigurationPlatforms) = preSolution
		Debug|Any CPU = Debug|Any CPU
		Release|Any CPU = Release|Any CPU
	EndGlobalSection
	GlobalSection(ProjectConfigurationPlatforms) = postSolution
		{E1359880-6BE2-4166-A5CA-039A902FD125}.Debug|Any CPU.ActiveCfg = Debug|Any CPU
		{E1359880-6BE2-4166-A5CA-039A902FD125}.Debug|Any CPU.Build.0 = Debug|Any CPU
		{E1359880-6BE2-4166-A5CA-039A902FD125}.Release|Any CPU.ActiveCfg = Release|Any CPU
		{E1359880-6BE2-4166-A5CA-039A902FD125}.Release|Any CPU.Build.0 = Release|Any CPU
	EndGlobalSection
EndGlobal
